
Microsoft Visual Studio Solution File, Format Version 12.00
# Visual Studio Version 17
VisualStudioVersion = 17.0.32014.148
MinimumVisualStudioVersion = 10.0.40219.1
Project("{FAE04EC0-301F-11D3-BF4B-00C04F79EFBC}") = "hello-world-demo", "hello-world-demo\hello-world-demo.csproj", "{B14B27A7-10CA-423E-88C9-26411411C169}"
EndProject
Global
	GlobalSection(SolutionConfigurationPlatforms) = preSolution
		Debug|Any CPU = Debug|Any CPU
		Release|Any CPU = Release|Any CPU
	EndGlobalSection
	GlobalSection(ProjectConfigurationPlatforms) = postSolution
		{B14B27A7-10CA-423E-88C9-26411411C169}.Debug|Any CPU.ActiveCfg = Debug|Any CPU
		{B14B27A7-10CA-423E-88C9-26411411C169}.Debug|Any CPU.Build.0 = Debug|Any CPU
		{B14B27A7-10CA-423E-88C9-26411411C169}.Release|Any CPU.ActiveCfg = Release|Any CPU
		{B14B27A7-10CA-423E-88C9-26411411C169}.Release|Any CPU.Build.0 = Release|Any CPU
	EndGlobalSection
	GlobalSection(SolutionProperties) = preSolution
		HideSolutionNode = FALSE
	EndGlobalSection
	GlobalSection(ExtensibilityGlobals) = postSolution
		SolutionGuid = {92DB062C-4974-428C-984E-A75C55E50125}
	EndGlobalSection
EndGlobal
